
Microsoft Visual Studio Solution File, Format Version 12.00
# Visual Studio Version 17
VisualStudioVersion = 17.4.33403.182
MinimumVisualStudioVersion = 10.0.40219.1
Project("{FAE04EC0-301F-11D3-BF4B-00C04F79EFBC}") = "u20728060_HW03", "u20728060_HW03\u20728060_HW03.csproj", "{FF42C12C-7D3D-4E74-9D69-5E2F7460DE47}"
EndProject
Global
	GlobalSection(SolutionConfigurationPlatforms) = preSolution
		Debug|Any CPU = Debug|Any CPU
		Release|Any CPU = Release|Any CPU
	EndGlobalSection
	GlobalSection(ProjectConfigurationPlatforms) = postSolution
		{FF42C12C-7D3D-4E74-9D69-5E2F7460DE47}.Debug|Any CPU.ActiveCfg = Debug|Any CPU
		{FF42C12C-7D3D-4E74-9D69-5E2F7460DE47}.Debug|Any CPU.Build.0 = Debug|Any CPU
		{FF42C12C-7D3D-4E74-9D69-5E2F7460DE47}.Release|Any CPU.ActiveCfg = Release|Any CPU
		{FF42C12C-7D3D-4E74-9D69-5E2F7460DE47}.Release|Any CPU.Build.0 = Release|Any CPU
	EndGlobalSection
	GlobalSection(SolutionProperties) = preSolution
		HideSolutionNode = FALSE
	EndGlobalSection
	GlobalSection(ExtensibilityGlobals) = postSolution
		SolutionGuid = {9933F7B8-5DA0-4DA8-8403-F08493B341A5}
	EndGlobalSection
EndGlobal
